
Microsoft Visual Studio Solution File, Format Version 10.00
# Visual Studio 2008
Project("{FAE04EC0-301F-11D3-BF4B-00C04F79EFBC}") = "YundaWangdian", "YundaWangdian.csproj", "{93077F8D-A168-4F42-BA2A-602DBA14E141}"
EndProject
Global
	GlobalSection(SolutionConfigurationPlatforms) = preSolution
		Debug|Any CPU = Debug|Any CPU
		Release|Any CPU = Release|Any CPU
	EndGlobalSection
	GlobalSection(ProjectConfigurationPlatforms) = postSolution
		{93077F8D-A168-4F42-BA2A-602DBA14E141}.Debug|Any CPU.ActiveCfg = Debug|Any CPU
		{93077F8D-A168-4F42-BA2A-602DBA14E141}.Debug|Any CPU.Build.0 = Debug|Any CPU
		{93077F8D-A168-4F42-BA2A-602DBA14E141}.Release|Any CPU.ActiveCfg = Release|Any CPU
		{93077F8D-A168-4F42-BA2A-602DBA14E141}.Release|Any CPU.Build.0 = Release|Any CPU
	EndGlobalSection
	GlobalSection(SolutionProperties) = preSolution
		HideSolutionNode = FALSE
	EndGlobalSection
EndGlobal
